
Microsoft Visual Studio Solution File, Format Version 10.00
# Visual Studio 2008
Project("{FAE04EC0-301F-11D3-BF4B-00C04F79EFBC}") = "MethodOrdering.Test", "Test\MethodOrdering.Test.csproj", "{867EB993-0C68-472F-B287-E428056407F4}"
EndProject
Project("{FAE04EC0-301F-11D3-BF4B-00C04F79EFBC}") = "MethodOrdering", "Core\MethodOrdering.csproj", "{6AF01F66-AE12-41B5-82AF-5F887DC352FB}"
EndProject
Global
	GlobalSection(SolutionConfigurationPlatforms) = preSolution
		Debug|Any CPU = Debug|Any CPU
		Release|Any CPU = Release|Any CPU
	EndGlobalSection
	GlobalSection(ProjectConfigurationPlatforms) = postSolution
		{867EB993-0C68-472F-B287-E428056407F4}.Debug|Any CPU.ActiveCfg = Debug|Any CPU
		{867EB993-0C68-472F-B287-E428056407F4}.Debug|Any CPU.Build.0 = Debug|Any CPU
		{867EB993-0C68-472F-B287-E428056407F4}.Release|Any CPU.ActiveCfg = Release|Any CPU
		{867EB993-0C68-472F-B287-E428056407F4}.Release|Any CPU.Build.0 = Release|Any CPU
		{6AF01F66-AE12-41B5-82AF-5F887DC352FB}.Debug|Any CPU.ActiveCfg = Debug|Any CPU
		{6AF01F66-AE12-41B5-82AF-5F887DC352FB}.Debug|Any CPU.Build.0 = Debug|Any CPU
		{6AF01F66-AE12-41B5-82AF-5F887DC352FB}.Release|Any CPU.ActiveCfg = Release|Any CPU
		{6AF01F66-AE12-41B5-82AF-5F887DC352FB}.Release|Any CPU.Build.0 = Release|Any CPU
	EndGlobalSection
	GlobalSection(SolutionProperties) = preSolution
		HideSolutionNode = FALSE
	EndGlobalSection
EndGlobal
